{
  "nodes": {
    "flake-parts": {
      "inputs": {
        "nixpkgs-lib": "nixpkgs-lib"
      },
      "locked": {
        "lastModified": 1785627969,
        "narHash": "sha256-4dtXQk/NMePegK/nWp5NSeuZKLATItOq61lpEvmXqGw=",
        "owner": "hercules-ci",
        "repo": "flake-parts",
        "rev": "427bf4bd9435fdf21321c8cc628c24efc14c0f7a",
        "type": "github"
      },
      "original": {
        "owner": "hercules-ci",
        "repo": "flake-parts",
        "type": "github"
      }
    },
    "home-manager": {
      "inputs": {
        "nixpkgs": [
          "nixpkgs"
        ]
      },
      "locked": {
        "lastModified": 1788651960,
        "narHash": "sha256-v9wJd32eZ2bvhBzVOd7TIjLQd011P7nwOhjKtWlci5I=",
        "owner": "nix-community",
        "repo": "home-manager",
        "rev": "2c0350c759688177331b8f5242311fae8877bdb3",
        "type": "github"
      },
      "original": {
        "owner": "nix-community",
        "repo": "home-manager",
        "type": "github"
      }
    },
    "nixcord": {
      "inputs": {
        "flake-parts": "flake-parts",
        "nixpkgs": "nixpkgs",
        "nixpkgs-nixcord": "nixpkgs-nixcord",
        "treefmt-nix": "treefmt-nix"
      },
      "locked": {
        "lastModified": 1788856175,
        "narHash": "sha256-oNmtmy2f4Qm6/zertHzPIPKZyrtAOhyglhJm3noJCeI=",
        "owner": "4evy",
        "repo": "nixcord",
        "rev": "87476262341abbc835f80c84d43da22cbec94e71",
        "type": "github"
      },
      "original": {
        "owner": "4evy",
        "repo": "nixcord",
        "type": "github"
      }
    },
    "nixos-hardware": {
      "inputs": {
        "nixpkgs": [
          "nixpkgs"
        ]
      },
      "locked": {
        "lastModified": 1788860136,
        "narHash": "sha256-MhPMOFV4pVkygWEbQ8t1De/uQ9cWF1u++tRe2L5tG48=",
        "owner": "NixOS",
        "repo": "nixos-hardware",
        "rev": "62173785b9a18c78b4a15aca2623d02bceb9d077",
        "type": "github"
      },
      "original": {
        "owner": "NixOS",
        "repo": "nixos-hardware",
        "type": "github"
      }
    },
    "nixpkgs": {
      "locked": {
        "lastModified": 1786711500,
        "narHash": "sha256-QvnceIGTBeDvDd9oCn+GvdsnkquliuwbVgpiRH68qaQ=",
        "owner": "NixOS",
        "repo": "nixpkgs",
        "rev": "02e08985a27c65ffd33d434eeb2e660a2e4dc84d",
        "type": "github"
      },
      "original": {
        "owner": "NixOS",
        "ref": "nixos-26.05",
        "repo": "nixpkgs",
        "type": "github"
      }
    },
    "nixpkgs-lib": {
      "locked": {
        "lastModified": 1785031560,
        "narHash": "sha256-OmshNvn2vupOFpYinLUu+1Dnpu4n7Q5N3ggGVNHpkUI=",
        "owner": "nix-community",
        "repo": "nixpkgs.lib",
        "rev": "0e79af5e3d4dcfcd676ab5ba3f95d2e3352e078c",
        "type": "github"
      },
      "original": {
        "owner": "nix-community",
        "repo": "nixpkgs.lib",
        "type": "github"
      }
    },
    "nixpkgs-nixcord": {
      "locked": {
        "lastModified": 1786711500,
        "narHash": "sha256-QvnceIGTBeDvDd9oCn+GvdsnkquliuwbVgpiRH68qaQ=",
        "owner": "NixOS",
        "repo": "nixpkgs",
        "rev": "02e08985a27c65ffd33d434eeb2e660a2e4dc84d",
        "type": "github"
      },
      "original": {
        "owner": "NixOS",
        "ref": "nixos-26.05",
        "repo": "nixpkgs",
        "type": "github"
      }
    },
    "nixpkgs_2": {
      "locked": {
        "lastModified": 1788752844,
        "narHash": "sha256-VaWGJ6+cIYN2erfSecbRV+4ljI185Ty2wUrXyvQbgOw=",
        "owner": "nixos",
        "repo": "nixpkgs",
        "rev": "dc5d91f840324650bac8c379428c7037a416959a",
        "type": "github"
      },
      "original": {
        "owner": "nixos",
        "ref": "nixos-unstable",
        "repo": "nixpkgs",
        "type": "github"
      }
    },
    "root": {
      "inputs": {
        "home-manager": "home-manager",
        "nixcord": "nixcord",
        "nixos-hardware": "nixos-hardware",
        "nixpkgs": "nixpkgs_2",
        "sops-nix": "sops-nix",
        "zen-browser": "zen-browser"
      }
    },
    "sops-nix": {
      "inputs": {
        "nixpkgs": [
          "nixpkgs"
        ]
      },
      "locked": {
        "lastModified": 1788337237,
        "narHash": "sha256-gkSH8VUtCo6hnysNmb9DbTuDepH2t5pv+QWjP75xKAk=",
        "owner": "Mic92",
        "repo": "sops-nix",
        "rev": "fbf759290e0cb0a98dfc813a4eb7d53ad1dacb57",
        "type": "github"
      },
      "original": {
        "owner": "Mic92",
        "repo": "sops-nix",
        "type": "github"
      }
    },
    "treefmt-nix": {
      "inputs": {
        "nixpkgs": [
          "nixcord",
          "nixpkgs"
        ]
      },
      "locked": {
        "lastModified": 1785945821,
        "narHash": "sha256-NLSyTCW4K4ofhNBllt3omPasm6QpralXH1DBZOc91Dw=",
        "owner": "numtide",
        "repo": "treefmt-nix",
        "rev": "ae7910970dddc408fe6ab1c8e4b277bb21d72dc0",
        "type": "github"
      },
      "original": {
        "owner": "numtide",
        "repo": "treefmt-nix",
        "type": "github"
      }
    },
    "zen-browser": {
      "inputs": {
        "home-manager": [
          "home-manager"
        ],
        "nixpkgs": [
          "nixpkgs"
        ]
      },
      "locked": {
        "lastModified": 1788864239,
        "narHash": "sha256-a2BIiekLSIgruRro3fXQgohmw3xlCFJBGW/TKK4x+E8=",
        "owner": "0xc000022070",
        "repo": "zen-browser-flake",
        "rev": "018726119b87c9fb906857af802d3cbfbc10a46d",
        "type": "github"
      },
      "original": {
        "owner": "0xc000022070",
        "repo": "zen-browser-flake",
        "type": "github"
      }
    }
  },
  "root": "root",
  "version": 7
}
